{
  "version": 4,
  "terraform_version": "1.5.4",
  "serial": 1,
  "lineage": "304ef3cb-3748-a2fb-5704-f7a101ccb852",
  "outputs": {
    "printusername": {
      "value": "tf-user",
      "type": "string"
    }
  },
  "resources": [
    {
      "mode": "managed",
      "type": "aws_iam_user",
      "name": "tf-user",
      "provider": "provider[\"registry.terraform.io/hashicorp/aws\"]",
      "instances": [
        {
          "schema_version": 0,
          "attributes": {
            "arn": "arn:aws:iam::156324409797:user/tf-user",
            "force_destroy": false,
            "id": "tf-user",
            "name": "tf-user",
            "path": "/",
            "permissions_boundary": null,
            "tags": null,
            "tags_all": {},
            "unique_id": "AIDASIZNJGHCUXETPYPT6"
          },
          "sensitive_attributes": [],
          "private": "bnVsbA=="
        }
      ]
    }
  ],
  "check_results": null
}
